
Microsoft Visual Studio Solution File, Format Version 11.00
# Visual Studio 2010
Project("{FAE04EC0-301F-11D3-BF4B-00C04F79EFBC}") = "TransactionDemo", "TransactionDemo\TransactionDemo.csproj", "{0F7481B6-CF46-4C69-AD98-FDB197200BFC}"
EndProject
Global
	GlobalSection(SolutionConfigurationPlatforms) = preSolution
		Debug|x86 = Debug|x86
		Release|x86 = Release|x86
	EndGlobalSection
	GlobalSection(ProjectConfigurationPlatforms) = postSolution
		{0F7481B6-CF46-4C69-AD98-FDB197200BFC}.Debug|x86.ActiveCfg = Debug|x86
		{0F7481B6-CF46-4C69-AD98-FDB197200BFC}.Debug|x86.Build.0 = Debug|x86
		{0F7481B6-CF46-4C69-AD98-FDB197200BFC}.Release|x86.ActiveCfg = Release|x86
		{0F7481B6-CF46-4C69-AD98-FDB197200BFC}.Release|x86.Build.0 = Release|x86
	EndGlobalSection
	GlobalSection(SolutionProperties) = preSolution
		HideSolutionNode = FALSE
	EndGlobalSection
EndGlobal
